
Microsoft Visual Studio Solution File, Format Version 12.00
# Visual Studio Version 17
VisualStudioVersion = 17.9.34607.119
MinimumVisualStudioVersion = 10.0.40219.1
Project("{2150E333-8FDC-42A3-9474-1A3956D46DE8}") = "Services", "Services", "{5F6219C0-AD58-40A7-8407-D4601F3BF2A1}"
EndProject
Project("{2150E333-8FDC-42A3-9474-1A3956D46DE8}") = "Integration", "Integration", "{FFD9C9AE-D02E-45CD-BACA-972001436269}"
EndProject
Project("{2150E333-8FDC-42A3-9474-1A3956D46DE8}") = "Gateway", "Gateway", "{0CB933CB-6095-4969-8009-76A9A7A7D2B7}"
EndProject
Project("{9A19103F-16F7-4668-BE54-9A1E7A4F7556}") = "DistributedECommerce.ApiGateway", "DistributedECommerce.ApiGateway\DistributedECommerce.ApiGateway.csproj", "{25E7C5F7-68C1-4220-9761-A9E0C36473C2}"
EndProject
Project("{2150E333-8FDC-42A3-9474-1A3956D46DE8}") = "DistributedECommerce.OrderSln", "DistributedECommerce.OrderSln", "{53F3F5FE-93BB-4610-830E-09C771970565}"
EndProject
Project("{2150E333-8FDC-42A3-9474-1A3956D46DE8}") = "DistributedECommerce.WarehouseSln", "DistributedECommerce.WarehouseSln", "{253EBAD9-EF66-46F1-8FBB-CE596ECFC4EC}"
EndProject
Project("{2150E333-8FDC-42A3-9474-1A3956D46DE8}") = "src", "src", "{A80355DC-FB8F-4AD5-BC5B-91872A411397}"
EndProject
Project("{2150E333-8FDC-42A3-9474-1A3956D46DE8}") = "tests", "tests", "{DD2834E0-55ED-422F-85CF-038E8FBE0EA9}"
EndProject
Project("{2150E333-8FDC-42A3-9474-1A3956D46DE8}") = "src", "src", "{390CA92E-A4E8-4441-B2EA-56ABDC0D4A6B}"
EndProject
Project("{2150E333-8FDC-42A3-9474-1A3956D46DE8}") = "tests", "tests", "{D27FFA83-2334-4AE8-A58C-A37E41EF4610}"
EndProject
Project("{2150E333-8FDC-42A3-9474-1A3956D46DE8}") = "Packages", "Packages", "{DCAEE8C7-19E5-4306-A7EC-1EC311384E1D}"
EndProject
Project("{2150E333-8FDC-42A3-9474-1A3956D46DE8}") = "Clients", "Clients", "{4747B423-14E2-4A5C-9908-ED72BC26E270}"
EndProject
Project("{2150E333-8FDC-42A3-9474-1A3956D46DE8}") = "Packages", "Packages", "{60125F2A-DC99-4885-9D50-33EB69F98275}"
EndProject
Project("{2150E333-8FDC-42A3-9474-1A3956D46DE8}") = "Clients", "Clients", "{F26198BF-AD1A-4A6C-B23F-DF02DB708511}"
EndProject
Project("{9A19103F-16F7-4668-BE54-9A1E7A4F7556}") = "DistributedECommerce.Orders.API", "DistributedECommerce.Order.API\DistributedECommerce.Orders.API.csproj", "{599CAF3B-B415-412C-98C8-67298E4B601E}"
EndProject
Project("{9A19103F-16F7-4668-BE54-9A1E7A4F7556}") = "DistributedECommerce.Orders.Application", "DistributedECommerce.Order.Application\DistributedECommerce.Orders.Application.csproj", "{4C8D1EEA-3C7C-4C69-874E-AEECD463D4A9}"
EndProject
Project("{9A19103F-16F7-4668-BE54-9A1E7A4F7556}") = "DistributedECommerce.Orders.Domain", "DistributedECommerce.Order.Domain\DistributedECommerce.Orders.Domain.csproj", "{43CD391E-700C-485C-A4B6-2F9B77636C07}"
EndProject
Project("{9A19103F-16F7-4668-BE54-9A1E7A4F7556}") = "DistributedECommerce.Orders.Infrastructure", "DistributedECommerce.Order.Infrastructure\DistributedECommerce.Orders.Infrastructure.csproj", "{7D23C8B2-64DD-47E5-9C5F-C4D6C86D2578}"
EndProject
Project("{9A19103F-16F7-4668-BE54-9A1E7A4F7556}") = "DistributedECommerce.Orders.Common", "DistributedECommerce.Order.Common\DistributedECommerce.Orders.Common.csproj", "{A0E2B703-71C1-4F01-BB5D-27E3BE9D2F10}"
EndProject
Project("{9A19103F-16F7-4668-BE54-9A1E7A4F7556}") = "DistributedECommerce.Orders.Domain.Errors", "DistributedECommerce.Domain.Errors\DistributedECommerce.Orders.Domain.Errors.csproj", "{5115E41B-F16F-4564-BB50-BC592165759A}"
EndProject
Project("{9A19103F-16F7-4668-BE54-9A1E7A4F7556}") = "DistributedECommerce.Orders.Client", "DistributedECommerce.Order.Client\DistributedECommerce.Orders.Client.csproj", "{759646A0-0313-45D2-ABC8-077312E2EB6A}"
EndProject
Project("{9A19103F-16F7-4668-BE54-9A1E7A4F7556}") = "DistributedECommerce.Orders.IntegrationTests", "DistributedECommerce.Order.IntegrationTests\DistributedECommerce.Orders.IntegrationTests.csproj", "{65C780DB-13CB-4579-B400-FAE5F81CD18B}"
EndProject
Project("{9A19103F-16F7-4668-BE54-9A1E7A4F7556}") = "DistributedECommerce.Orders.UnitTests", "DistributedECommerce.Order.UnitTests\DistributedECommerce.Orders.UnitTests.csproj", "{64ABA78C-EC29-4382-A191-88673ACACFA2}"
EndProject
Project("{2150E333-8FDC-42A3-9474-1A3956D46DE8}") = "Utils", "Utils", "{02B18F2A-8950-439B-BEF3-40381FE45FAB}"
EndProject
Project("{9A19103F-16F7-4668-BE54-9A1E7A4F7556}") = "DistributedECommerce.Utils", "DistributedECommerce.Utils\DistributedECommerce.Utils.csproj", "{B2E6B06D-80A6-4F47-8FDB-7609DBF5AF7C}"
EndProject
Project("{9A19103F-16F7-4668-BE54-9A1E7A4F7556}") = "DistributedECommerce.Warehouse.API", "DistributedECommerce.Warehouse.API\DistributedECommerce.Warehouse.API.csproj", "{FB5188D4-17B5-4693-A42C-AE92BC3B2A1A}"
EndProject
Project("{9A19103F-16F7-4668-BE54-9A1E7A4F7556}") = "DistributedECommerce.Warehouse.Application", "DistributedECommerce.Warehouse.Application\DistributedECommerce.Warehouse.Application.csproj", "{255674E0-B205-420F-BE7F-0F22F8C64BF0}"
EndProject
Project("{9A19103F-16F7-4668-BE54-9A1E7A4F7556}") = "DistributedECommerce.Warehouse.Domain", "DistributedECommerce.Warehouse.Domain\DistributedECommerce.Warehouse.Domain.csproj", "{52B2BC3D-0209-4989-94D3-A0FA0C9E06F5}"
EndProject
Project("{9A19103F-16F7-4668-BE54-9A1E7A4F7556}") = "DistributedECommerce.Warehouse.Infrastructure", "DistributedECommerce.Warehouse.Infrastructure\DistributedECommerce.Warehouse.Infrastructure.csproj", "{40550150-0AC5-4C6D-9340-1D83EFE22067}"
EndProject
Project("{9A19103F-16F7-4668-BE54-9A1E7A4F7556}") = "DistributedECommerce.Warehouse.Common", "DistributedECommerce.Warehouse.Common\DistributedECommerce.Warehouse.Common.csproj", "{DEB1C7A3-B9F9-4498-818D-7A44E3712F44}"
EndProject
Project("{9A19103F-16F7-4668-BE54-9A1E7A4F7556}") = "DistributedECommerce.Warehouse.Domain.Errors", "DistributedECommerce.Warehouse.Domain.Errors\DistributedECommerce.Warehouse.Domain.Errors.csproj", "{2631173B-A4EB-4F9A-8C7F-A865A715DD0C}"
EndProject
Project("{9A19103F-16F7-4668-BE54-9A1E7A4F7556}") = "DistributedECommerce.Warehouse.ApiClient", "DistributedECommerce.Warehouse.ApiClient\DistributedECommerce.Warehouse.ApiClient.csproj", "{7FE7235E-BAC0-4329-B5D1-4BCA2609D899}"
EndProject
Global
	GlobalSection(SolutionConfigurationPlatforms) = preSolution
		Debug|Any CPU = Debug|Any CPU
		Release|Any CPU = Release|Any CPU
	EndGlobalSection
	GlobalSection(ProjectConfigurationPlatforms) = postSolution
		{25E7C5F7-68C1-4220-9761-A9E0C36473C2}.Debug|Any CPU.ActiveCfg = Debug|Any CPU
		{25E7C5F7-68C1-4220-9761-A9E0C36473C2}.Debug|Any CPU.Build.0 = Debug|Any CPU
		{25E7C5F7-68C1-4220-9761-A9E0C36473C2}.Release|Any CPU.ActiveCfg = Release|Any CPU
		{25E7C5F7-68C1-4220-9761-A9E0C36473C2}.Release|Any CPU.Build.0 = Release|Any CPU
		{599CAF3B-B415-412C-98C8-67298E4B601E}.Debug|Any CPU.ActiveCfg = Debug|Any CPU
		{599CAF3B-B415-412C-98C8-67298E4B601E}.Debug|Any CPU.Build.0 = Debug|Any CPU
		{599CAF3B-B415-412C-98C8-67298E4B601E}.Release|Any CPU.ActiveCfg = Release|Any CPU
		{599CAF3B-B415-412C-98C8-67298E4B601E}.Release|Any CPU.Build.0 = Release|Any CPU
		{4C8D1EEA-3C7C-4C69-874E-AEECD463D4A9}.Debug|Any CPU.ActiveCfg = Debug|Any CPU
		{4C8D1EEA-3C7C-4C69-874E-AEECD463D4A9}.Debug|Any CPU.Build.0 = Debug|Any CPU
		{4C8D1EEA-3C7C-4C69-874E-AEECD463D4A9}.Release|Any CPU.ActiveCfg = Release|Any CPU
		{4C8D1EEA-3C7C-4C69-874E-AEECD463D4A9}.Release|Any CPU.Build.0 = Release|Any CPU
		{43CD391E-700C-485C-A4B6-2F9B77636C07}.Debug|Any CPU.ActiveCfg = Debug|Any CPU
		{43CD391E-700C-485C-A4B6-2F9B77636C07}.Debug|Any CPU.Build.0 = Debug|Any CPU
		{43CD391E-700C-485C-A4B6-2F9B77636C07}.Release|Any CPU.ActiveCfg = Release|Any CPU
		{43CD391E-700C-485C-A4B6-2F9B77636C07}.Release|Any CPU.Build.0 = Release|Any CPU
		{7D23C8B2-64DD-47E5-9C5F-C4D6C86D2578}.Debug|Any CPU.ActiveCfg = Debug|Any CPU
		{7D23C8B2-64DD-47E5-9C5F-C4D6C86D2578}.Debug|Any CPU.Build.0 = Debug|Any CPU
		{7D23C8B2-64DD-47E5-9C5F-C4D6C86D2578}.Release|Any CPU.ActiveCfg = Release|Any CPU
		{7D23C8B2-64DD-47E5-9C5F-C4D6C86D2578}.Release|Any CPU.Build.0 = Release|Any CPU
		{A0E2B703-71C1-4F01-BB5D-27E3BE9D2F10}.Debug|Any CPU.ActiveCfg = Debug|Any CPU
		{A0E2B703-71C1-4F01-BB5D-27E3BE9D2F10}.Debug|Any CPU.Build.0 = Debug|Any CPU
		{A0E2B703-71C1-4F01-BB5D-27E3BE9D2F10}.Release|Any CPU.ActiveCfg = Release|Any CPU
		{A0E2B703-71C1-4F01-BB5D-27E3BE9D2F10}.Release|Any CPU.Build.0 = Release|Any CPU
		{5115E41B-F16F-4564-BB50-BC592165759A}.Debug|Any CPU.ActiveCfg = Debug|Any CPU
		{5115E41B-F16F-4564-BB50-BC592165759A}.Debug|Any CPU.Build.0 = Debug|Any CPU
		{5115E41B-F16F-4564-BB50-BC592165759A}.Release|Any CPU.ActiveCfg = Release|Any CPU
		{5115E41B-F16F-4564-BB50-BC592165759A}.Release|Any CPU.Build.0 = Release|Any CPU
		{759646A0-0313-45D2-ABC8-077312E2EB6A}.Debug|Any CPU.ActiveCfg = Debug|Any CPU
		{759646A0-0313-45D2-ABC8-077312E2EB6A}.Debug|Any CPU.Build.0 = Debug|Any CPU
		{759646A0-0313-45D2-ABC8-077312E2EB6A}.Release|Any CPU.ActiveCfg = Release|Any CPU
		{759646A0-0313-45D2-ABC8-077312E2EB6A}.Release|Any CPU.Build.0 = Release|Any CPU
		{65C780DB-13CB-4579-B400-FAE5F81CD18B}.Debug|Any CPU.ActiveCfg = Debug|Any CPU
		{65C780DB-13CB-4579-B400-FAE5F81CD18B}.Debug|Any CPU.Build.0 = Debug|Any CPU
		{65C780DB-13CB-4579-B400-FAE5F81CD18B}.Release|Any CPU.ActiveCfg = Release|Any CPU
		{65C780DB-13CB-4579-B400-FAE5F81CD18B}.Release|Any CPU.Build.0 = Release|Any CPU
		{64ABA78C-EC29-4382-A191-88673ACACFA2}.Debug|Any CPU.ActiveCfg = Debug|Any CPU
		{64ABA78C-EC29-4382-A191-88673ACACFA2}.Debug|Any CPU.Build.0 = Debug|Any CPU
		{64ABA78C-EC29-4382-A191-88673ACACFA2}.Release|Any CPU.ActiveCfg = Release|Any CPU
		{64ABA78C-EC29-4382-A191-88673ACACFA2}.Release|Any CPU.Build.0 = Release|Any CPU
		{B2E6B06D-80A6-4F47-8FDB-7609DBF5AF7C}.Debug|Any CPU.ActiveCfg = Debug|Any CPU
		{B2E6B06D-80A6-4F47-8FDB-7609DBF5AF7C}.Debug|Any CPU.Build.0 = Debug|Any CPU
		{B2E6B06D-80A6-4F47-8FDB-7609DBF5AF7C}.Release|Any CPU.ActiveCfg = Release|Any CPU
		{B2E6B06D-80A6-4F47-8FDB-7609DBF5AF7C}.Release|Any CPU.Build.0 = Release|Any CPU
		{FB5188D4-17B5-4693-A42C-AE92BC3B2A1A}.Debug|Any CPU.ActiveCfg = Debug|Any CPU
		{FB5188D4-17B5-4693-A42C-AE92BC3B2A1A}.Debug|Any CPU.Build.0 = Debug|Any CPU
		{FB5188D4-17B5-4693-A42C-AE92BC3B2A1A}.Release|Any CPU.ActiveCfg = Release|Any CPU
		{FB5188D4-17B5-4693-A42C-AE92BC3B2A1A}.Release|Any CPU.Build.0 = Release|Any CPU
		{255674E0-B205-420F-BE7F-0F22F8C64BF0}.Debug|Any CPU.ActiveCfg = Debug|Any CPU
		{255674E0-B205-420F-BE7F-0F22F8C64BF0}.Debug|Any CPU.Build.0 = Debug|Any CPU
		{255674E0-B205-420F-BE7F-0F22F8C64BF0}.Release|Any CPU.ActiveCfg = Release|Any CPU
		{255674E0-B205-420F-BE7F-0F22F8C64BF0}.Release|Any CPU.Build.0 = Release|Any CPU
		{52B2BC3D-0209-4989-94D3-A0FA0C9E06F5}.Debug|Any CPU.ActiveCfg = Debug|Any CPU
		{52B2BC3D-0209-4989-94D3-A0FA0C9E06F5}.Debug|Any CPU.Build.0 = Debug|Any CPU
		{52B2BC3D-0209-4989-94D3-A0FA0C9E06F5}.Release|Any CPU.ActiveCfg = Release|Any CPU
		{52B2BC3D-0209-4989-94D3-A0FA0C9E06F5}.Release|Any CPU.Build.0 = Release|Any CPU
		{40550150-0AC5-4C6D-9340-1D83EFE22067}.Debug|Any CPU.ActiveCfg = Debug|Any CPU
		{40550150-0AC5-4C6D-9340-1D83EFE22067}.Debug|Any CPU.Build.0 = Debug|Any CPU
		{40550150-0AC5-4C6D-9340-1D83EFE22067}.Release|Any CPU.ActiveCfg = Release|Any CPU
		{40550150-0AC5-4C6D-9340-1D83EFE22067}.Release|Any CPU.Build.0 = Release|Any CPU
		{DEB1C7A3-B9F9-4498-818D-7A44E3712F44}.Debug|Any CPU.ActiveCfg = Debug|Any CPU
		{DEB1C7A3-B9F9-4498-818D-7A44E3712F44}.Debug|Any CPU.Build.0 = Debug|Any CPU
		{DEB1C7A3-B9F9-4498-818D-7A44E3712F44}.Release|Any CPU.ActiveCfg = Release|Any CPU
		{DEB1C7A3-B9F9-4498-818D-7A44E3712F44}.Release|Any CPU.Build.0 = Release|Any CPU
		{2631173B-A4EB-4F9A-8C7F-A865A715DD0C}.Debug|Any CPU.ActiveCfg = Debug|Any CPU
		{2631173B-A4EB-4F9A-8C7F-A865A715DD0C}.Debug|Any CPU.Build.0 = Debug|Any CPU
		{2631173B-A4EB-4F9A-8C7F-A865A715DD0C}.Release|Any CPU.ActiveCfg = Release|Any CPU
		{2631173B-A4EB-4F9A-8C7F-A865A715DD0C}.Release|Any CPU.Build.0 = Release|Any CPU
		{7FE7235E-BAC0-4329-B5D1-4BCA2609D899}.Debug|Any CPU.ActiveCfg = Debug|Any CPU
		{7FE7235E-BAC0-4329-B5D1-4BCA2609D899}.Debug|Any CPU.Build.0 = Debug|Any CPU
		{7FE7235E-BAC0-4329-B5D1-4BCA2609D899}.Release|Any CPU.ActiveCfg = Release|Any CPU
		{7FE7235E-BAC0-4329-B5D1-4BCA2609D899}.Release|Any CPU.Build.0 = Release|Any CPU
	EndGlobalSection
	GlobalSection(SolutionProperties) = preSolution
		HideSolutionNode = FALSE
	EndGlobalSection
	GlobalSection(NestedProjects) = preSolution
		{25E7C5F7-68C1-4220-9761-A9E0C36473C2} = {0CB933CB-6095-4969-8009-76A9A7A7D2B7}
		{53F3F5FE-93BB-4610-830E-09C771970565} = {5F6219C0-AD58-40A7-8407-D4601F3BF2A1}
		{253EBAD9-EF66-46F1-8FBB-CE596ECFC4EC} = {5F6219C0-AD58-40A7-8407-D4601F3BF2A1}
		{A80355DC-FB8F-4AD5-BC5B-91872A411397} = {53F3F5FE-93BB-4610-830E-09C771970565}
		{DD2834E0-55ED-422F-85CF-038E8FBE0EA9} = {53F3F5FE-93BB-4610-830E-09C771970565}
		{390CA92E-A4E8-4441-B2EA-56ABDC0D4A6B} = {253EBAD9-EF66-46F1-8FBB-CE596ECFC4EC}
		{D27FFA83-2334-4AE8-A58C-A37E41EF4610} = {253EBAD9-EF66-46F1-8FBB-CE596ECFC4EC}
		{DCAEE8C7-19E5-4306-A7EC-1EC311384E1D} = {A80355DC-FB8F-4AD5-BC5B-91872A411397}
		{4747B423-14E2-4A5C-9908-ED72BC26E270} = {A80355DC-FB8F-4AD5-BC5B-91872A411397}
		{60125F2A-DC99-4885-9D50-33EB69F98275} = {390CA92E-A4E8-4441-B2EA-56ABDC0D4A6B}
		{F26198BF-AD1A-4A6C-B23F-DF02DB708511} = {390CA92E-A4E8-4441-B2EA-56ABDC0D4A6B}
		{599CAF3B-B415-412C-98C8-67298E4B601E} = {A80355DC-FB8F-4AD5-BC5B-91872A411397}
		{4C8D1EEA-3C7C-4C69-874E-AEECD463D4A9} = {A80355DC-FB8F-4AD5-BC5B-91872A411397}
		{43CD391E-700C-485C-A4B6-2F9B77636C07} = {A80355DC-FB8F-4AD5-BC5B-91872A411397}
		{7D23C8B2-64DD-47E5-9C5F-C4D6C86D2578} = {A80355DC-FB8F-4AD5-BC5B-91872A411397}
		{A0E2B703-71C1-4F01-BB5D-27E3BE9D2F10} = {DCAEE8C7-19E5-4306-A7EC-1EC311384E1D}
		{5115E41B-F16F-4564-BB50-BC592165759A} = {DCAEE8C7-19E5-4306-A7EC-1EC311384E1D}
		{759646A0-0313-45D2-ABC8-077312E2EB6A} = {4747B423-14E2-4A5C-9908-ED72BC26E270}
		{65C780DB-13CB-4579-B400-FAE5F81CD18B} = {DD2834E0-55ED-422F-85CF-038E8FBE0EA9}
		{64ABA78C-EC29-4382-A191-88673ACACFA2} = {DD2834E0-55ED-422F-85CF-038E8FBE0EA9}
		{B2E6B06D-80A6-4F47-8FDB-7609DBF5AF7C} = {02B18F2A-8950-439B-BEF3-40381FE45FAB}
		{FB5188D4-17B5-4693-A42C-AE92BC3B2A1A} = {390CA92E-A4E8-4441-B2EA-56ABDC0D4A6B}
		{255674E0-B205-420F-BE7F-0F22F8C64BF0} = {390CA92E-A4E8-4441-B2EA-56ABDC0D4A6B}
		{52B2BC3D-0209-4989-94D3-A0FA0C9E06F5} = {390CA92E-A4E8-4441-B2EA-56ABDC0D4A6B}
		{40550150-0AC5-4C6D-9340-1D83EFE22067} = {390CA92E-A4E8-4441-B2EA-56ABDC0D4A6B}
		{DEB1C7A3-B9F9-4498-818D-7A44E3712F44} = {60125F2A-DC99-4885-9D50-33EB69F98275}
		{2631173B-A4EB-4F9A-8C7F-A865A715DD0C} = {60125F2A-DC99-4885-9D50-33EB69F98275}
		{7FE7235E-BAC0-4329-B5D1-4BCA2609D899} = {F26198BF-AD1A-4A6C-B23F-DF02DB708511}
	EndGlobalSection
	GlobalSection(ExtensibilityGlobals) = postSolution
		SolutionGuid = {31ABABA0-3699-4BD1-A6E7-723AA985E763}
	EndGlobalSection
EndGlobal
